
Microsoft Visual Studio Solution File, Format Version 12.00
# Visual Studio Version 16
VisualStudioVersion = 16.0.30611.23
MinimumVisualStudioVersion = 10.0.40219.1
Project("{FAE04EC0-301F-11D3-BF4B-00C04F79EFBC}") = "Calculator", "Calculator.csproj", "{2FBEBABB-1567-4CFE-9E99-D30915F4438E}"
EndProject
Project("{FAE04EC0-301F-11D3-BF4B-00C04F79EFBC}") = "Problem3a2", "..\Problem3a2\Problem3a2.csproj", "{47F45B57-9810-4AD3-B2F9-61CC0C378F14}"
EndProject
Project("{FAE04EC0-301F-11D3-BF4B-00C04F79EFBC}") = "Problem3a3", "..\Problem3a3\Problem3a3.csproj", "{4E90881E-EB15-4052-9BFC-DF5B97925959}"
EndProject
Global
	GlobalSection(SolutionConfigurationPlatforms) = preSolution
		Debug|Any CPU = Debug|Any CPU
		Release|Any CPU = Release|Any CPU
	EndGlobalSection
	GlobalSection(ProjectConfigurationPlatforms) = postSolution
		{2FBEBABB-1567-4CFE-9E99-D30915F4438E}.Debug|Any CPU.ActiveCfg = Debug|Any CPU
		{2FBEBABB-1567-4CFE-9E99-D30915F4438E}.Debug|Any CPU.Build.0 = Debug|Any CPU
		{2FBEBABB-1567-4CFE-9E99-D30915F4438E}.Release|Any CPU.ActiveCfg = Release|Any CPU
		{2FBEBABB-1567-4CFE-9E99-D30915F4438E}.Release|Any CPU.Build.0 = Release|Any CPU
		{47F45B57-9810-4AD3-B2F9-61CC0C378F14}.Debug|Any CPU.ActiveCfg = Debug|Any CPU
		{47F45B57-9810-4AD3-B2F9-61CC0C378F14}.Debug|Any CPU.Build.0 = Debug|Any CPU
		{47F45B57-9810-4AD3-B2F9-61CC0C378F14}.Release|Any CPU.ActiveCfg = Release|Any CPU
		{47F45B57-9810-4AD3-B2F9-61CC0C378F14}.Release|Any CPU.Build.0 = Release|Any CPU
		{4E90881E-EB15-4052-9BFC-DF5B97925959}.Debug|Any CPU.ActiveCfg = Debug|Any CPU
		{4E90881E-EB15-4052-9BFC-DF5B97925959}.Debug|Any CPU.Build.0 = Debug|Any CPU
		{4E90881E-EB15-4052-9BFC-DF5B97925959}.Release|Any CPU.ActiveCfg = Release|Any CPU
		{4E90881E-EB15-4052-9BFC-DF5B97925959}.Release|Any CPU.Build.0 = Release|Any CPU
	EndGlobalSection
	GlobalSection(SolutionProperties) = preSolution
		HideSolutionNode = FALSE
	EndGlobalSection
	GlobalSection(ExtensibilityGlobals) = postSolution
		SolutionGuid = {ED5DC5B3-FC39-425B-8DCB-DCC1C8100B77}
	EndGlobalSection
EndGlobal
